
Microsoft Visual Studio Solution File, Format Version 12.00
# Visual Studio Version 16
VisualStudioVersion = 16.0.30204.135
MinimumVisualStudioVersion = 10.0.40219.1
Project("{FAE04EC0-301F-11D3-BF4B-00C04F79EFBC}") = "CasoDeUso.Cad", "CasoDeUso.Cad\CasoDeUso.Cad.csproj", "{C2AB55E2-B096-495B-B8AB-4E8C47B044E9}"
EndProject
Global
	GlobalSection(SolutionConfigurationPlatforms) = preSolution
		Debug|Any CPU = Debug|Any CPU
		Release|Any CPU = Release|Any CPU
	EndGlobalSection
	GlobalSection(ProjectConfigurationPlatforms) = postSolution
		{C2AB55E2-B096-495B-B8AB-4E8C47B044E9}.Debug|Any CPU.ActiveCfg = Debug|Any CPU
		{C2AB55E2-B096-495B-B8AB-4E8C47B044E9}.Debug|Any CPU.Build.0 = Debug|Any CPU
		{C2AB55E2-B096-495B-B8AB-4E8C47B044E9}.Release|Any CPU.ActiveCfg = Release|Any CPU
		{C2AB55E2-B096-495B-B8AB-4E8C47B044E9}.Release|Any CPU.Build.0 = Release|Any CPU
	EndGlobalSection
	GlobalSection(SolutionProperties) = preSolution
		HideSolutionNode = FALSE
	EndGlobalSection
	GlobalSection(ExtensibilityGlobals) = postSolution
		SolutionGuid = {0CDBEC55-0F8A-4DA2-8245-9BF212C02BCD}
	EndGlobalSection
EndGlobal
